{
  "name": "@kalenkevich/test_release_workflow-dev",
  "version": "0.2.4",
  "lockfileVersion": 3,
  "requires": true,
  "packages": {
    "": {
      "name": "@kalenkevich/test_release_workflow-dev",
      "version": "0.2.4",
      "license": "ISC",
      "dependencies": {
        "@kalenkevich/test_release_workflow": "^0.1.1"
      }
    },
    "node_modules/@kalenkevich/test_release_workflow": {
      "version": "0.3.0",
      "resolved": "https://registry.npmjs.org/@kalenkevich/test_release_workflow/-/test_release_workflow-0.1.1.tgz",
      "integrity": "sha512-l6wQio3HQAVdVIBldK0x4NT6XQ2e/NfMWtP7ak5u8wBdjaWFBSdBzDDW9g3IhFMynahGjCZUMpTF9hQdmG5hhA==",
      "license": "ISC"
    }
  }
}
